{
  "nodes": {
    "flake-compat": {
      "flake": false,
      "locked": {
        "lastModified": 1673956053,
        "narHash": "sha256-4gtG9iQuiKITOjNQQeQIpoIB6b16fm+504Ch3sNKLd8=",
        "owner": "edolstra",
        "repo": "flake-compat",
        "rev": "35bb57c0c8d8b62bbfd284272c928ceb64ddbde9",
        "type": "github"
      },
      "original": {
        "owner": "edolstra",
        "repo": "flake-compat",
        "type": "github"
      }
    },
    "flake-utils": {
      "locked": {
        "lastModified": 1680776469,
        "narHash": "sha256-3CXUDK/3q/kieWtdsYpDOBJw3Gw4Af6x+2EiSnIkNQw=",
        "owner": "numtide",
        "repo": "flake-utils",
        "rev": "411e8764155aa9354dbcd6d5faaeb97e9e3dce24",
        "type": "github"
      },
      "original": {
        "owner": "numtide",
        "repo": "flake-utils",
        "type": "github"
      }
    },
    "nix-filter": {
      "locked": {
        "lastModified": 1678109515,
        "narHash": "sha256-C2X+qC80K2C1TOYZT8nabgo05Dw2HST/pSn6s+n6BO8=",
        "owner": "numtide",
        "repo": "nix-filter",
        "rev": "aa9ff6ce4a7f19af6415fb3721eaa513ea6c763c",
        "type": "github"
      },
      "original": {
        "owner": "numtide",
        "repo": "nix-filter",
        "type": "github"
      }
    },
    "nixpkgs": {
      "locked": {
        "lastModified": 1680758185,
        "narHash": "sha256-sCVWwfnk7zEX8Z+OItiH+pcSklrlsLZ4TJTtnxAYREw=",
        "owner": "nixos",
        "repo": "nixpkgs",
        "rev": "0e19daa510e47a40e06257e205965f3b96ce0ac9",
        "type": "github"
      },
      "original": {
        "owner": "nixos",
        "ref": "nixos-unstable",
        "repo": "nixpkgs",
        "type": "github"
      }
    },
    "root": {
      "inputs": {
        "flake-compat": "flake-compat",
        "flake-utils": "flake-utils",
        "nix-filter": "nix-filter",
        "nixpkgs": "nixpkgs"
      }
    }
  },
  "root": "root",
  "version": 7
}
